
Microsoft Visual Studio Solution File, Format Version 12.00
# Visual Studio Version 16
VisualStudioVersion = 16.0.30204.135
MinimumVisualStudioVersion = 10.0.40219.1
Project("{FAE04EC0-301F-11D3-BF4B-00C04F79EFBC}") = "WebAPI", "WebAPI\WebAPI.csproj", "{465961E2-28EA-4AD9-B88E-4A3D1F2E39AA}"
EndProject
Project("{FAE04EC0-301F-11D3-BF4B-00C04F79EFBC}") = "WebMVC", "WebMVC\WebMVC.csproj", "{833F69C3-7D46-4CAF-860F-6B1C75F87A08}"
EndProject
Global
	GlobalSection(SolutionConfigurationPlatforms) = preSolution
		Debug|Any CPU = Debug|Any CPU
		Release|Any CPU = Release|Any CPU
	EndGlobalSection
	GlobalSection(ProjectConfigurationPlatforms) = postSolution
		{465961E2-28EA-4AD9-B88E-4A3D1F2E39AA}.Debug|Any CPU.ActiveCfg = Debug|Any CPU
		{465961E2-28EA-4AD9-B88E-4A3D1F2E39AA}.Debug|Any CPU.Build.0 = Debug|Any CPU
		{465961E2-28EA-4AD9-B88E-4A3D1F2E39AA}.Release|Any CPU.ActiveCfg = Release|Any CPU
		{465961E2-28EA-4AD9-B88E-4A3D1F2E39AA}.Release|Any CPU.Build.0 = Release|Any CPU
		{833F69C3-7D46-4CAF-860F-6B1C75F87A08}.Debug|Any CPU.ActiveCfg = Debug|Any CPU
		{833F69C3-7D46-4CAF-860F-6B1C75F87A08}.Debug|Any CPU.Build.0 = Debug|Any CPU
		{833F69C3-7D46-4CAF-860F-6B1C75F87A08}.Release|Any CPU.ActiveCfg = Release|Any CPU
		{833F69C3-7D46-4CAF-860F-6B1C75F87A08}.Release|Any CPU.Build.0 = Release|Any CPU
	EndGlobalSection
	GlobalSection(SolutionProperties) = preSolution
		HideSolutionNode = FALSE
	EndGlobalSection
	GlobalSection(ExtensibilityGlobals) = postSolution
		SolutionGuid = {0E88DEF8-0F3F-41B7-909D-1FB42B36AE82}
	EndGlobalSection
EndGlobal
